
Microsoft Visual Studio Solution File, Format Version 12.00
# Visual Studio 15
Project("{FAE04EC0-301F-11D3-BF4B-00C04F79EFBC}") = "Assembly-CSharp", "Assembly-CSharp.csproj", "{2192E6CE-55E2-4FD7-D043-91EE3C30D5F8}"
EndProject
Project("{FAE04EC0-301F-11D3-BF4B-00C04F79EFBC}") = "Assembly-CSharp-Editor", "Assembly-CSharp-Editor.csproj", "{89DA5851-D2AA-F656-5C64-E107AAC67B82}"
EndProject
Project("{FAE04EC0-301F-11D3-BF4B-00C04F79EFBC}") = "OccaSoftware.Crosshairs.Editor", "OccaSoftware.Crosshairs.Editor.csproj", "{23125F60-31F7-7E85-0A02-68ACD97EBFFA}"
EndProject
Global
	GlobalSection(SolutionConfigurationPlatforms) = preSolution
		Debug|Any CPU = Debug|Any CPU
		Release|Any CPU = Release|Any CPU
	EndGlobalSection
	GlobalSection(ProjectConfigurationPlatforms) = postSolution
		{2192E6CE-55E2-4FD7-D043-91EE3C30D5F8}.Debug|Any CPU.ActiveCfg = Debug|Any CPU
		{2192E6CE-55E2-4FD7-D043-91EE3C30D5F8}.Debug|Any CPU.Build.0 = Debug|Any CPU
		{2192E6CE-55E2-4FD7-D043-91EE3C30D5F8}.Release|Any CPU.ActiveCfg = Release|Any CPU
		{2192E6CE-55E2-4FD7-D043-91EE3C30D5F8}.Release|Any CPU.Build.0 = Release|Any CPU
		{89DA5851-D2AA-F656-5C64-E107AAC67B82}.Debug|Any CPU.ActiveCfg = Debug|Any CPU
		{89DA5851-D2AA-F656-5C64-E107AAC67B82}.Debug|Any CPU.Build.0 = Debug|Any CPU
		{89DA5851-D2AA-F656-5C64-E107AAC67B82}.Release|Any CPU.ActiveCfg = Release|Any CPU
		{89DA5851-D2AA-F656-5C64-E107AAC67B82}.Release|Any CPU.Build.0 = Release|Any CPU
		{23125F60-31F7-7E85-0A02-68ACD97EBFFA}.Debug|Any CPU.ActiveCfg = Debug|Any CPU
		{23125F60-31F7-7E85-0A02-68ACD97EBFFA}.Debug|Any CPU.Build.0 = Debug|Any CPU
		{23125F60-31F7-7E85-0A02-68ACD97EBFFA}.Release|Any CPU.ActiveCfg = Release|Any CPU
		{23125F60-31F7-7E85-0A02-68ACD97EBFFA}.Release|Any CPU.Build.0 = Release|Any CPU
	EndGlobalSection
	GlobalSection(SolutionProperties) = preSolution
		HideSolutionNode = FALSE
	EndGlobalSection
EndGlobal
